
Microsoft Visual Studio Solution File, Format Version 12.00
# Visual Studio Version 17
VisualStudioVersion = 17.7.34221.43
MinimumVisualStudioVersion = 10.0.40219.1
Project("{FAE04EC0-301F-11D3-BF4B-00C04F79EFBC}") = "ContaGuids", "ContaGuids.csproj", "{EB770C7A-1849-449B-86D4-20F31653FCC4}"
EndProject
Global
	GlobalSection(SolutionConfigurationPlatforms) = preSolution
		Debug|Any CPU = Debug|Any CPU
		Release|Any CPU = Release|Any CPU
	EndGlobalSection
	GlobalSection(ProjectConfigurationPlatforms) = postSolution
		{EB770C7A-1849-449B-86D4-20F31653FCC4}.Debug|Any CPU.ActiveCfg = Debug|Any CPU
		{EB770C7A-1849-449B-86D4-20F31653FCC4}.Debug|Any CPU.Build.0 = Debug|Any CPU
		{EB770C7A-1849-449B-86D4-20F31653FCC4}.Release|Any CPU.ActiveCfg = Release|Any CPU
		{EB770C7A-1849-449B-86D4-20F31653FCC4}.Release|Any CPU.Build.0 = Release|Any CPU
	EndGlobalSection
	GlobalSection(SolutionProperties) = preSolution
		HideSolutionNode = FALSE
	EndGlobalSection
	GlobalSection(ExtensibilityGlobals) = postSolution
		SolutionGuid = {FA5CB9E5-B234-4F69-BE33-B6DD73CE93AD}
	EndGlobalSection
EndGlobal
